// !$*UTF8*$!
{
	archiveVersion = 1;
	classes = {
	};
	objectVersion = 50;
	objects = {

/* Begin PBXBuildFile section */
		C39ABB3825FD3A4200B45197 /* AppDelegate.swift in Sources */ = {isa = PBXBuildFile; fileRef = C39ABB3725FD3A4200B45197 /* AppDelegate.swift */; };
		C39ABB3A25FD3A4200B45197 /* SceneDelegate.swift in Sources */ = {isa = PBXBuildFile; fileRef = C39ABB3925FD3A4200B45197 /* SceneDelegate.swift */; };
		C39ABB4125FD3A4400B45197 /* Assets.xcassets in Resources */ = {isa = PBXBuildFile; fileRef = C39ABB4025FD3A4400B45197 /* Assets.xcassets */; };
		C39ABB4425FD3A4400B45197 /* LaunchScreen.storyboard in Resources */ = {isa = PBXBuildFile; fileRef = C39ABB4225FD3A4400B45197 /* LaunchScreen.storyboard */; };
		C39ABB5225FD3E3E00B45197 /* GAPSITabBarController.swift in Sources */ = {isa = PBXBuildFile; fileRef = C39ABB5125FD3E3E00B45197 /* GAPSITabBarController.swift */; };
		C39ABB5625FD3EFC00B45197 /* GAPSISearchVC.swift in Sources */ = {isa = PBXBuildFile; fileRef = C39ABB5525FD3EFC00B45197 /* GAPSISearchVC.swift */; };
		C39ABB5A25FD3F4F00B45197 /* GAPSITextField.swift in Sources */ = {isa = PBXBuildFile; fileRef = C39ABB5925FD3F4F00B45197 /* GAPSITextField.swift */; };
		C39ABB5E25FD3F6A00B45197 /* GAPSIButton.swift in Sources */ = {isa = PBXBuildFile; fileRef = C39ABB5D25FD3F6A00B45197 /* GAPSIButton.swift */; };
		C39ABB6225FD428400B45197 /* Constants.swift in Sources */ = {isa = PBXBuildFile; fileRef = C39ABB6125FD428400B45197 /* Constants.swift */; };
		C39ABB6625FD432F00B45197 /* UIViewController+Ext.swift in Sources */ = {isa = PBXBuildFile; fileRef = C39ABB6525FD432F00B45197 /* UIViewController+Ext.swift */; };
		C39ABB6925FD43CB00B45197 /* GAPSIAlertVC.swift in Sources */ = {isa = PBXBuildFile; fileRef = C39ABB6825FD43CB00B45197 /* GAPSIAlertVC.swift */; };
		C39ABB6C25FD44D200B45197 /* GAPSIAlertContainerView.swift in Sources */ = {isa = PBXBuildFile; fileRef = C39ABB6B25FD44D200B45197 /* GAPSIAlertContainerView.swift */; };
		C39ABB6F25FD459C00B45197 /* GAPSITitleLabel.swift in Sources */ = {isa = PBXBuildFile; fileRef = C39ABB6E25FD459C00B45197 /* GAPSITitleLabel.swift */; };
		C39ABB7225FD45E700B45197 /* GAPSIBodyLabel.swift in Sources */ = {isa = PBXBuildFile; fileRef = C39ABB7125FD45E700B45197 /* GAPSIBodyLabel.swift */; };
		C39ABB7525FD478D00B45197 /* GAPSISearchHistoryListVC.swift in Sources */ = {isa = PBXBuildFile; fileRef = C39ABB7425FD478D00B45197 /* GAPSISearchHistoryListVC.swift */; };
/* End PBXBuildFile section */

/* Begin PBXFileReference section */
		C39ABB3425FD3A4200B45197 /* GAPSI.app */ = {isa = PBXFileReference; explicitFileType = wrapper.application; includeInIndex = 0; path = GAPSI.app; sourceTree = BUILT_PRODUCTS_DIR; };
		C39ABB3725FD3A4200B45197 /* AppDelegate.swift */ = {isa = PBXFileReference; lastKnownFileType = sourcecode.swift; path = AppDelegate.swift; sourceTree = "<group>"; };
		C39ABB3925FD3A4200B45197 /* SceneDelegate.swift */ = {isa = PBXFileReference; lastKnownFileType = sourcecode.swift; path = SceneDelegate.swift; sourceTree = "<group>"; };
		C39ABB4025FD3A4400B45197 /* Assets.xcassets */ = {isa = PBXFileReference; lastKnownFileType = folder.assetcatalog; path = Assets.xcassets; sourceTree = "<group>"; };
		C39ABB4325FD3A4400B45197 /* Base */ = {isa = PBXFileReference; lastKnownFileType = file.storyboard; name = Base; path = Base.lproj/LaunchScreen.storyboard; sourceTree = "<group>"; };
		C39ABB4525FD3A4400B45197 /* Info.plist */ = {isa = PBXFileReference; lastKnownFileType = text.plist.xml; path = Info.plist; sourceTree = "<group>"; };
		C39ABB5125FD3E3E00B45197 /* GAPSITabBarController.swift */ = {isa = PBXFileReference; lastKnownFileType = sourcecode.swift; path = GAPSITabBarController.swift; sourceTree = "<group>"; };
		C39ABB5525FD3EFC00B45197 /* GAPSISearchVC.swift */ = {isa = PBXFileReference; lastKnownFileType = sourcecode.swift; path = GAPSISearchVC.swift; sourceTree = "<group>"; };
		C39ABB5925FD3F4F00B45197 /* GAPSITextField.swift */ = {isa = PBXFileReference; lastKnownFileType = sourcecode.swift; path = GAPSITextField.swift; sourceTree = "<group>"; };
		C39ABB5D25FD3F6A00B45197 /* GAPSIButton.swift */ = {isa = PBXFileReference; lastKnownFileType = sourcecode.swift; path = GAPSIButton.swift; sourceTree = "<group>"; };
		C39ABB6125FD428400B45197 /* Constants.swift */ = {isa = PBXFileReference; lastKnownFileType = sourcecode.swift; path = Constants.swift; sourceTree = "<group>"; };
		C39ABB6525FD432F00B45197 /* UIViewController+Ext.swift */ = {isa = PBXFileReference; lastKnownFileType = sourcecode.swift; path = "UIViewController+Ext.swift"; sourceTree = "<group>"; };
		C39ABB6825FD43CB00B45197 /* GAPSIAlertVC.swift */ = {isa = PBXFileReference; lastKnownFileType = sourcecode.swift; path = GAPSIAlertVC.swift; sourceTree = "<group>"; };
		C39ABB6B25FD44D200B45197 /* GAPSIAlertContainerView.swift */ = {isa = PBXFileReference; lastKnownFileType = sourcecode.swift; path = GAPSIAlertContainerView.swift; sourceTree = "<group>"; };
		C39ABB6E25FD459C00B45197 /* GAPSITitleLabel.swift */ = {isa = PBXFileReference; lastKnownFileType = sourcecode.swift; path = GAPSITitleLabel.swift; sourceTree = "<group>"; };
		C39ABB7125FD45E700B45197 /* GAPSIBodyLabel.swift */ = {isa = PBXFileReference; lastKnownFileType = sourcecode.swift; path = GAPSIBodyLabel.swift; sourceTree = "<group>"; };
		C39ABB7425FD478D00B45197 /* GAPSISearchHistoryListVC.swift */ = {isa = PBXFileReference; lastKnownFileType = sourcecode.swift; path = GAPSISearchHistoryListVC.swift; sourceTree = "<group>"; };
/* End PBXFileReference section */

/* Begin PBXFrameworksBuildPhase section */
		C39ABB3125FD3A4200B45197 /* Frameworks */ = {
			isa = PBXFrameworksBuildPhase;
			buildActionMask = 2147483647;
			files = (
			);
			runOnlyForDeploymentPostprocessing = 0;
		};
/* End PBXFrameworksBuildPhase section */

/* Begin PBXGroup section */
		C39ABB2B25FD3A4200B45197 = {
			isa = PBXGroup;
			children = (
				C39ABB3625FD3A4200B45197 /* GAPSI */,
				C39ABB3525FD3A4200B45197 /* Products */,
			);
			sourceTree = "<group>";
		};
		C39ABB3525FD3A4200B45197 /* Products */ = {
			isa = PBXGroup;
			children = (
				C39ABB3425FD3A4200B45197 /* GAPSI.app */,
			);
			name = Products;
			sourceTree = "<group>";
		};
		C39ABB3625FD3A4200B45197 /* GAPSI */ = {
			isa = PBXGroup;
			children = (
				C39ABB6425FD431A00B45197 /* Extensions */,
				C39ABB6025FD427900B45197 /* Utilities */,
				C39ABB5825FD3F2D00B45197 /* CustomViews */,
				C39ABB5025FD3E1C00B45197 /* ViewControllers */,
				C39ABB3725FD3A4200B45197 /* AppDelegate.swift */,
				C39ABB3925FD3A4200B45197 /* SceneDelegate.swift */,
				C39ABB4025FD3A4400B45197 /* Assets.xcassets */,
				C39ABB4225FD3A4400B45197 /* LaunchScreen.storyboard */,
				C39ABB4525FD3A4400B45197 /* Info.plist */,
			);
			path = GAPSI;
			sourceTree = "<group>";
		};
		C39ABB5025FD3E1C00B45197 /* ViewControllers */ = {
			isa = PBXGroup;
			children = (
				C39ABB5125FD3E3E00B45197 /* GAPSITabBarController.swift */,
				C39ABB5525FD3EFC00B45197 /* GAPSISearchVC.swift */,
				C39ABB7425FD478D00B45197 /* GAPSISearchHistoryListVC.swift */,
			);
			path = ViewControllers;
			sourceTree = "<group>";
		};
		C39ABB5825FD3F2D00B45197 /* CustomViews */ = {
			isa = PBXGroup;
			children = (
				C39ABB5925FD3F4F00B45197 /* GAPSITextField.swift */,
				C39ABB5D25FD3F6A00B45197 /* GAPSIButton.swift */,
				C39ABB6825FD43CB00B45197 /* GAPSIAlertVC.swift */,
				C39ABB6B25FD44D200B45197 /* GAPSIAlertContainerView.swift */,
				C39ABB6E25FD459C00B45197 /* GAPSITitleLabel.swift */,
				C39ABB7125FD45E700B45197 /* GAPSIBodyLabel.swift */,
			);
			path = CustomViews;
			sourceTree = "<group>";
		};
		C39ABB6025FD427900B45197 /* Utilities */ = {
			isa = PBXGroup;
			children = (
				C39ABB6125FD428400B45197 /* Constants.swift */,
			);
			path = Utilities;
			sourceTree = "<group>";
		};
		C39ABB6425FD431A00B45197 /* Extensions */ = {
			isa = PBXGroup;
			children = (
				C39ABB6525FD432F00B45197 /* UIViewController+Ext.swift */,
			);
			path = Extensions;
			sourceTree = "<group>";
		};
/* End PBXGroup section */

/* Begin PBXNativeTarget section */
		C39ABB3325FD3A4200B45197 /* GAPSI */ = {
			isa = PBXNativeTarget;
			buildConfigurationList = C39ABB4825FD3A4400B45197 /* Build configuration list for PBXNativeTarget "GAPSI" */;
			buildPhases = (
				C39ABB3025FD3A4200B45197 /* Sources */,
				C39ABB3125FD3A4200B45197 /* Frameworks */,
				C39ABB3225FD3A4200B45197 /* Resources */,
			);
			buildRules = (
			);
			dependencies = (
			);
			name = GAPSI;
			productName = GAPSI;
			productReference = C39ABB3425FD3A4200B45197 /* GAPSI.app */;
			productType = "com.apple.product-type.application";
		};
/* End PBXNativeTarget section */

/* Begin PBXProject section */
		C39ABB2C25FD3A4200B45197 /* Project object */ = {
			isa = PBXProject;
			attributes = {
				LastSwiftUpdateCheck = 1240;
				LastUpgradeCheck = 1240;
				TargetAttributes = {
					C39ABB3325FD3A4200B45197 = {
						CreatedOnToolsVersion = 12.4;
					};
				};
			};
			buildConfigurationList = C39ABB2F25FD3A4200B45197 /* Build configuration list for PBXProject "GAPSI" */;
			compatibilityVersion = "Xcode 9.3";
			developmentRegion = en;
			hasScannedForEncodings = 0;
			knownRegions = (
				en,
				Base,
			);
			mainGroup = C39ABB2B25FD3A4200B45197;
			productRefGroup = C39ABB3525FD3A4200B45197 /* Products */;
			projectDirPath = "";
			projectRoot = "";
			targets = (
				C39ABB3325FD3A4200B45197 /* GAPSI */,
			);
		};
/* End PBXProject section */

/* Begin PBXResourcesBuildPhase section */
		C39ABB3225FD3A4200B45197 /* Resources */ = {
			isa = PBXResourcesBuildPhase;
			buildActionMask = 2147483647;
			files = (
				C39ABB4425FD3A4400B45197 /* LaunchScreen.storyboard in Resources */,
				C39ABB4125FD3A4400B45197 /* Assets.xcassets in Resources */,
			);
			runOnlyForDeploymentPostprocessing = 0;
		};
/* End PBXResourcesBuildPhase section */

/* Begin PBXSourcesBuildPhase section */
		C39ABB3025FD3A4200B45197 /* Sources */ = {
			isa = PBXSourcesBuildPhase;
			buildActionMask = 2147483647;
			files = (
				C39ABB7525FD478D00B45197 /* GAPSISearchHistoryListVC.swift in Sources */,
				C39ABB5E25FD3F6A00B45197 /* GAPSIButton.swift in Sources */,
				C39ABB3825FD3A4200B45197 /* AppDelegate.swift in Sources */,
				C39ABB5625FD3EFC00B45197 /* GAPSISearchVC.swift in Sources */,
				C39ABB5A25FD3F4F00B45197 /* GAPSITextField.swift in Sources */,
				C39ABB6925FD43CB00B45197 /* GAPSIAlertVC.swift in Sources */,
				C39ABB7225FD45E700B45197 /* GAPSIBodyLabel.swift in Sources */,
				C39ABB6225FD428400B45197 /* Constants.swift in Sources */,
				C39ABB6C25FD44D200B45197 /* GAPSIAlertContainerView.swift in Sources */,
				C39ABB5225FD3E3E00B45197 /* GAPSITabBarController.swift in Sources */,
				C39ABB6F25FD459C00B45197 /* GAPSITitleLabel.swift in Sources */,
				C39ABB6625FD432F00B45197 /* UIViewController+Ext.swift in Sources */,
				C39ABB3A25FD3A4200B45197 /* SceneDelegate.swift in Sources */,
			);
			runOnlyForDeploymentPostprocessing = 0;
		};
/* End PBXSourcesBuildPhase section */

/* Begin PBXVariantGroup section */
		C39ABB4225FD3A4400B45197 /* LaunchScreen.storyboard */ = {
			isa = PBXVariantGroup;
			children = (
				C39ABB4325FD3A4400B45197 /* Base */,
			);
			name = LaunchScreen.storyboard;
			sourceTree = "<group>";
		};
/* End PBXVariantGroup section */

/* Begin XCBuildConfiguration section */
		C39ABB4625FD3A4400B45197 /* Debug */ = {
			isa = XCBuildConfiguration;
			buildSettings = {
				ALWAYS_SEARCH_USER_PATHS = NO;
				CLANG_ANALYZER_NONNULL = YES;
				CLANG_ANALYZER_NUMBER_OBJECT_CONVERSION = YES_AGGRESSIVE;
				CLANG_CXX_LANGUAGE_STANDARD = "gnu++14";
				CLANG_CXX_LIBRARY = "libc++";
				CLANG_ENABLE_MODULES = YES;
				CLANG_ENABLE_OBJC_ARC = YES;
				CLANG_ENABLE_OBJC_WEAK = YES;
				CLANG_WARN_BLOCK_CAPTURE_AUTORELEASING = YES;
				CLANG_WARN_BOOL_CONVERSION = YES;
				CLANG_WARN_COMMA = YES;
				CLANG_WARN_CONSTANT_CONVERSION = YES;
				CLANG_WARN_DEPRECATED_OBJC_IMPLEMENTATIONS = YES;
				CLANG_WARN_DIRECT_OBJC_ISA_USAGE = YES_ERROR;
				CLANG_WARN_DOCUMENTATION_COMMENTS = YES;
				CLANG_WARN_EMPTY_BODY = YES;
				CLANG_WARN_ENUM_CONVERSION = YES;
				CLANG_WARN_INFINITE_RECURSION = YES;
				CLANG_WARN_INT_CONVERSION = YES;
				CLANG_WARN_NON_LITERAL_NULL_CONVERSION = YES;
				CLANG_WARN_OBJC_IMPLICIT_RETAIN_SELF = YES;
				CLANG_WARN_OBJC_LITERAL_CONVERSION = YES;
				CLANG_WARN_OBJC_ROOT_CLASS = YES_ERROR;
				CLANG_WARN_QUOTED_INCLUDE_IN_FRAMEWORK_HEADER = YES;
				CLANG_WARN_RANGE_LOOP_ANALYSIS = YES;
				CLANG_WARN_STRICT_PROTOTYPES = YES;
				CLANG_WARN_SUSPICIOUS_MOVE = YES;
				CLANG_WARN_UNGUARDED_AVAILABILITY = YES_AGGRESSIVE;
				CLANG_WARN_UNREACHABLE_CODE = YES;
				CLANG_WARN__DUPLICATE_METHOD_MATCH = YES;
				COPY_PHASE_STRIP = NO;
				DEBUG_INFORMATION_FORMAT = dwarf;
				ENABLE_STRICT_OBJC_MSGSEND = YES;
				ENABLE_TESTABILITY = YES;
				GCC_C_LANGUAGE_STANDARD = gnu11;
				GCC_DYNAMIC_NO_PIC = NO;
				GCC_NO_COMMON_BLOCKS = YES;
				GCC_OPTIMIZATION_LEVEL = 0;
				GCC_PREPROCESSOR_DEFINITIONS = (
					"DEBUG=1",
					"$(inherited)",
				);
				GCC_WARN_64_TO_32_BIT_CONVERSION = YES;
				GCC_WARN_ABOUT_RETURN_TYPE = YES_ERROR;
				GCC_WARN_UNDECLARED_SELECTOR = YES;
				GCC_WARN_UNINITIALIZED_AUTOS = YES_AGGRESSIVE;
				GCC_WARN_UNUSED_FUNCTION = YES;
				GCC_WARN_UNUSED_VARIABLE = YES;
				IPHONEOS_DEPLOYMENT_TARGET = 14.4;
				MTL_ENABLE_DEBUG_INFO = INCLUDE_SOURCE;
				MTL_FAST_MATH = YES;
				ONLY_ACTIVE_ARCH = YES;
				SDKROOT = iphoneos;
				SWIFT_ACTIVE_COMPILATION_CONDITIONS = DEBUG;
				SWIFT_OPTIMIZATION_LEVEL = "-Onone";
			};
			name = Debug;
		};
		C39ABB4725FD3A4400B45197 /* Release */ = {
			isa = XCBuildConfiguration;
			buildSettings = {
				ALWAYS_SEARCH_USER_PATHS = NO;
				CLANG_ANALYZER_NONNULL = YES;
				CLANG_ANALYZER_NUMBER_OBJECT_CONVERSION = YES_AGGRESSIVE;
				CLANG_CXX_LANGUAGE_STANDARD = "gnu++14";
				CLANG_CXX_LIBRARY = "libc++";
				CLANG_ENABLE_MODULES = YES;
				CLANG_ENABLE_OBJC_ARC = YES;
				CLANG_ENABLE_OBJC_WEAK = YES;
				CLANG_WARN_BLOCK_CAPTURE_AUTORELEASING = YES;
				CLANG_WARN_BOOL_CONVERSION = YES;
				CLANG_WARN_COMMA = YES;
				CLANG_WARN_CONSTANT_CONVERSION = YES;
				CLANG_WARN_DEPRECATED_OBJC_IMPLEMENTATIONS = YES;
				CLANG_WARN_DIRECT_OBJC_ISA_USAGE = YES_ERROR;
				CLANG_WARN_DOCUMENTATION_COMMENTS = YES;
				CLANG_WARN_EMPTY_BODY = YES;
				CLANG_WARN_ENUM_CONVERSION = YES;
				CLANG_WARN_INFINITE_RECURSION = YES;
				CLANG_WARN_INT_CONVERSION = YES;
				CLANG_WARN_NON_LITERAL_NULL_CONVERSION = YES;
				CLANG_WARN_OBJC_IMPLICIT_RETAIN_SELF = YES;
				CLANG_WARN_OBJC_LITERAL_CONVERSION = YES;
				CLANG_WARN_OBJC_ROOT_CLASS = YES_ERROR;
				CLANG_WARN_QUOTED_INCLUDE_IN_FRAMEWORK_HEADER = YES;
				CLANG_WARN_RANGE_LOOP_ANALYSIS = YES;
				CLANG_WARN_STRICT_PROTOTYPES = YES;
				CLANG_WARN_SUSPICIOUS_MOVE = YES;
				CLANG_WARN_UNGUARDED_AVAILABILITY = YES_AGGRESSIVE;
				CLANG_WARN_UNREACHABLE_CODE = YES;
				CLANG_WARN__DUPLICATE_METHOD_MATCH = YES;
				COPY_PHASE_STRIP = NO;
				DEBUG_INFORMATION_FORMAT = "dwarf-with-dsym";
				ENABLE_NS_ASSERTIONS = NO;
				ENABLE_STRICT_OBJC_MSGSEND = YES;
				GCC_C_LANGUAGE_STANDARD = gnu11;
				GCC_NO_COMMON_BLOCKS = YES;
				GCC_WARN_64_TO_32_BIT_CONVERSION = YES;
				GCC_WARN_ABOUT_RETURN_TYPE = YES_ERROR;
				GCC_WARN_UNDECLARED_SELECTOR = YES;
				GCC_WARN_UNINITIALIZED_AUTOS = YES_AGGRESSIVE;
				GCC_WARN_UNUSED_FUNCTION = YES;
				GCC_WARN_UNUSED_VARIABLE = YES;
				IPHONEOS_DEPLOYMENT_TARGET = 14.4;
				MTL_ENABLE_DEBUG_INFO = NO;
				MTL_FAST_MATH = YES;
				SDKROOT = iphoneos;
				SWIFT_COMPILATION_MODE = wholemodule;
				SWIFT_OPTIMIZATION_LEVEL = "-O";
				VALIDATE_PRODUCT = YES;
			};
			name = Release;
		};
		C39ABB4925FD3A4400B45197 /* Debug */ = {
			isa = XCBuildConfiguration;
			buildSettings = {
				ASSETCATALOG_COMPILER_APPICON_NAME = AppIcon;
				ASSETCATALOG_COMPILER_GLOBAL_ACCENT_COLOR_NAME = AccentColor;
				CODE_SIGN_STYLE = Automatic;
				DEVELOPMENT_TEAM = W8QG397ZL8;
				INFOPLIST_FILE = GAPSI/Info.plist;
				IPHONEOS_DEPLOYMENT_TARGET = 13.0;
				LD_RUNPATH_SEARCH_PATHS = (
					"$(inherited)",
					"@executable_path/Frameworks",
				);
				PRODUCT_BUNDLE_IDENTIFIER = com.example.GAPSI;
				PRODUCT_NAME = "$(TARGET_NAME)";
				SWIFT_VERSION = 5.0;
				TARGETED_DEVICE_FAMILY = 1;
			};
			name = Debug;
		};
		C39ABB4A25FD3A4400B45197 /* Release */ = {
			isa = XCBuildConfiguration;
			buildSettings = {
				ASSETCATALOG_COMPILER_APPICON_NAME = AppIcon;
				ASSETCATALOG_COMPILER_GLOBAL_ACCENT_COLOR_NAME = AccentColor;
				CODE_SIGN_STYLE = Automatic;
				DEVELOPMENT_TEAM = W8QG397ZL8;
				INFOPLIST_FILE = GAPSI/Info.plist;
				IPHONEOS_DEPLOYMENT_TARGET = 13.0;
				LD_RUNPATH_SEARCH_PATHS = (
					"$(inherited)",
					"@executable_path/Frameworks",
				);
				PRODUCT_BUNDLE_IDENTIFIER = com.example.GAPSI;
				PRODUCT_NAME = "$(TARGET_NAME)";
				SWIFT_VERSION = 5.0;
				TARGETED_DEVICE_FAMILY = 1;
			};
			name = Release;
		};
/* End XCBuildConfiguration section */

/* Begin XCConfigurationList section */
		C39ABB2F25FD3A4200B45197 /* Build configuration list for PBXProject "GAPSI" */ = {
			isa = XCConfigurationList;
			buildConfigurations = (
				C39ABB4625FD3A4400B45197 /* Debug */,
				C39ABB4725FD3A4400B45197 /* Release */,
			);
			defaultConfigurationIsVisible = 0;
			defaultConfigurationName = Release;
		};
		C39ABB4825FD3A4400B45197 /* Build configuration list for PBXNativeTarget "GAPSI" */ = {
			isa = XCConfigurationList;
			buildConfigurations = (
				C39ABB4925FD3A4400B45197 /* Debug */,
				C39ABB4A25FD3A4400B45197 /* Release */,
			);
			defaultConfigurationIsVisible = 0;
			defaultConfigurationName = Release;
		};
/* End XCConfigurationList section */
	};
	rootObject = C39ABB2C25FD3A4200B45197 /* Project object */;
}
